
Microsoft Visual Studio Solution File, Format Version 12.00
Project("{FAE04EC0-301F-11D3-BF4B-00C04F79EFBC}") = "Hazbin.NoRules.Hitmarkers", "Hazbin.NoRules.Hitmarkers\Hazbin.NoRules.Hitmarkers.csproj", "{6BB2B858-69AE-42A3-A29E-3A5408EA1B3F}"
EndProject
Project("{2150E333-8FDC-42A3-9474-1A3956D46DE8}") = "Hazbin.NoRules", "Hazbin.NoRules", "{9F85F173-47EA-41C2-84CB-23B266283A9C}"
EndProject
Project("{FAE04EC0-301F-11D3-BF4B-00C04F79EFBC}") = "Hazbin.Core", "Hazbin.Core\Hazbin.Core.csproj", "{83892A69-C4AF-44A8-898F-0BD019840E57}"
EndProject
Project("{FAE04EC0-301F-11D3-BF4B-00C04F79EFBC}") = "Hazbin.NoRules.FacilityAuth", "Hazbin.NoRules.FacilityAuth\Hazbin.NoRules.FacilityAuth.csproj", "{EE173F30-2893-40F9-9EF4-905070A80B05}"
EndProject
Project("{FAE04EC0-301F-11D3-BF4B-00C04F79EFBC}") = "Hazbin.NoRules.InfinityStuff", "Hazbin.NoRules.InfinityStuff\Hazbin.NoRules.InfinityStuff.csproj", "{9C911614-56DD-4D6A-8EDB-31511CAD03B9}"
EndProject
Project("{FAE04EC0-301F-11D3-BF4B-00C04F79EFBC}") = "Hazbin.NoRules.ShowReports", "Hazbin.NoRules.ShowReports\Hazbin.NoRules.ShowReports.csproj", "{85141609-6978-47F1-B1DD-D74C904860BC}"
EndProject
Project("{FAE04EC0-301F-11D3-BF4B-00C04F79EFBC}") = "Hazbin.NoRules.RemoteKeycard", "Hazbin.NoRules.RemoteKeycard\Hazbin.NoRules.RemoteKeycard.csproj", "{1A1C8D06-DBB5-4BBC-BD25-CEFAFAF6AD2E}"
EndProject
Project("{FAE04EC0-301F-11D3-BF4B-00C04F79EFBC}") = "Hazbin.NoRules.AutoBroadcast", "Hazbin.NoRules.AutoBroadcast\Hazbin.NoRules.AutoBroadcast.csproj", "{41334C2E-484B-4E16-947C-830048925237}"
EndProject
Project("{FAE04EC0-301F-11D3-BF4B-00C04F79EFBC}") = "Hazbin.NoRules.IntercomList", "Hazbin.NoRules.IntercomList\Hazbin.NoRules.IntercomList.csproj", "{98FD80F6-310F-4708-B950-8168BCC3080E}"
EndProject
Project("{FAE04EC0-301F-11D3-BF4B-00C04F79EFBC}") = "Hazbin.NoRules.FriendlyFire", "Hazbin.NoRules.FriendlyFire\Hazbin.NoRules.FriendlyFire.csproj", "{00561E0B-349D-4CA5-88D1-C446AC2C0832}"
EndProject
Project("{FAE04EC0-301F-11D3-BF4B-00C04F79EFBC}") = "Hazbin.NoRules.Hud", "Hazbin.NoRules.Hud\Hazbin.NoRules.Hud.csproj", "{6C76C2FF-7E65-49C2-BFB1-773574B017EC}"
EndProject
Project("{FAE04EC0-301F-11D3-BF4B-00C04F79EFBC}") = "Hazbin.NoRules.PlayerXp", "Hazbin.NoRules.PlayerXp\Hazbin.NoRules.PlayerXp.csproj", "{47B47CBC-FB75-4316-A078-0CC4E1BDF3B2}"
EndProject
Project("{FAE04EC0-301F-11D3-BF4B-00C04F79EFBC}") = "Hazbin.NoRules.ProximityChat", "Hazbin.NoRules.ProximityChat\Hazbin.NoRules.ProximityChat.csproj", "{5DFCB1A1-01B7-4223-B757-DB8ACE88BE8E}"
EndProject
Project("{FAE04EC0-301F-11D3-BF4B-00C04F79EFBC}") = "Hazbin.NoRules.Old173Spawn", "Hazbin.NoRules.Old173Spawn\Hazbin.NoRules.Old173Spawn.csproj", "{BEC1C063-B8C6-45FB-BA0D-6FE608D859B5}"
EndProject
Project("{FAE04EC0-301F-11D3-BF4B-00C04F79EFBC}") = "Hazbin.NoRules.PinkCandy", "Hazbin.NoRules.PinkCandy\Hazbin.NoRules.PinkCandy.csproj", "{3E57B074-BFBA-4CF9-997A-8C9BE8531BD3}"
EndProject
Project("{FAE04EC0-301F-11D3-BF4B-00C04F79EFBC}") = "Hazbin.NoRules.RandomScale", "Hazbin.NoRules.RandomScale\Hazbin.NoRules.RandomScale.csproj", "{B58275E3-44C4-42B1-8690-423362B81F55}"
EndProject
Project("{FAE04EC0-301F-11D3-BF4B-00C04F79EFBC}") = "Hazbin.NoRules.BetterCoins", "Hazbin.NoRules.BetterCoins\Hazbin.NoRules.BetterCoins.csproj", "{CD56D1D4-DF0F-4ED0-9119-6D5FC425FAEC}"
EndProject
Project("{FAE04EC0-301F-11D3-BF4B-00C04F79EFBC}") = "Hazbin.NoRules.BetterEscape", "Hazbin.NoRules.BetterEscape\Hazbin.NoRules.BetterEscape.csproj", "{82EC9058-B0C9-4D63-9979-43FF8B5950B3}"
EndProject
Project("{FAE04EC0-301F-11D3-BF4B-00C04F79EFBC}") = "Hazbin.NoRules.Lobby", "Hazbin.NoRules.Lobby\Hazbin.NoRules.Lobby.csproj", "{2BF2039B-8D03-4DD9-B435-C99FFFC45742}"
EndProject
Project("{FAE04EC0-301F-11D3-BF4B-00C04F79EFBC}") = "Hazbin.NoRules.DotResKill", "Hazbin.NoRules.DotResKill\Hazbin.NoRules.DotResKill.csproj", "{7624E167-91D0-4882-833B-56BFC75B6464}"
EndProject
Project("{FAE04EC0-301F-11D3-BF4B-00C04F79EFBC}") = "Hazbin.NoRules.ScpSwap", "Hazbin.NoRules.ScpSwap\Hazbin.NoRules.ScpSwap.csproj", "{329ACA7E-57AC-465F-B5D5-CB8294E15780}"
EndProject
Project("{FAE04EC0-301F-11D3-BF4B-00C04F79EFBC}") = "Hazbin.Teleports", "Hazbin.Teleports\Hazbin.Teleports.csproj", "{0EDA671A-1B7A-40F4-BD0D-0BB01A1FD488}"
EndProject
Project("{FAE04EC0-301F-11D3-BF4B-00C04F79EFBC}") = "Hazbin.NoRules.Scp120", "Hazbin.NoRules.Scp120\Hazbin.NoRules.Scp120.csproj", "{4A28C3D8-6E2B-44F9-B824-471C5328302C}"
EndProject
Project("{FAE04EC0-301F-11D3-BF4B-00C04F79EFBC}") = "Hazbin.NoRules.Scp294", "Hazbin.NoRules.Scp294\Hazbin.NoRules.Scp294.csproj", "{68F15132-C58B-4AD4-85AB-F4EC857E64DC}"
EndProject
Project("{FAE04EC0-301F-11D3-BF4B-00C04F79EFBC}") = "Hazbin.NoRules.Scp914Rework", "Hazbin.NoRules.Scp914Rework\Hazbin.NoRules.Scp914Rework.csproj", "{4912D526-21CA-45A2-B3CA-23344A22EA4A}"
EndProject
Project("{FAE04EC0-301F-11D3-BF4B-00C04F79EFBC}") = "Hazbin.NoRules.Scp1162", "Hazbin.NoRules.Scp1162\Hazbin.NoRules.Scp1162.csproj", "{425FA54A-0270-47BF-A00E-E36F59065E64}"
EndProject
Global
	GlobalSection(SolutionConfigurationPlatforms) = preSolution
		Debug|Any CPU = Debug|Any CPU
		Release|Any CPU = Release|Any CPU
	EndGlobalSection
	GlobalSection(ProjectConfigurationPlatforms) = postSolution
		{6BB2B858-69AE-42A3-A29E-3A5408EA1B3F}.Debug|Any CPU.ActiveCfg = Debug|Any CPU
		{6BB2B858-69AE-42A3-A29E-3A5408EA1B3F}.Debug|Any CPU.Build.0 = Debug|Any CPU
		{6BB2B858-69AE-42A3-A29E-3A5408EA1B3F}.Release|Any CPU.ActiveCfg = Release|Any CPU
		{6BB2B858-69AE-42A3-A29E-3A5408EA1B3F}.Release|Any CPU.Build.0 = Release|Any CPU
		{83892A69-C4AF-44A8-898F-0BD019840E57}.Debug|Any CPU.ActiveCfg = Debug|Any CPU
		{83892A69-C4AF-44A8-898F-0BD019840E57}.Debug|Any CPU.Build.0 = Debug|Any CPU
		{83892A69-C4AF-44A8-898F-0BD019840E57}.Release|Any CPU.ActiveCfg = Release|Any CPU
		{83892A69-C4AF-44A8-898F-0BD019840E57}.Release|Any CPU.Build.0 = Release|Any CPU
		{EE173F30-2893-40F9-9EF4-905070A80B05}.Debug|Any CPU.ActiveCfg = Debug|Any CPU
		{EE173F30-2893-40F9-9EF4-905070A80B05}.Debug|Any CPU.Build.0 = Debug|Any CPU
		{EE173F30-2893-40F9-9EF4-905070A80B05}.Release|Any CPU.ActiveCfg = Release|Any CPU
		{EE173F30-2893-40F9-9EF4-905070A80B05}.Release|Any CPU.Build.0 = Release|Any CPU
		{9C911614-56DD-4D6A-8EDB-31511CAD03B9}.Debug|Any CPU.ActiveCfg = Debug|Any CPU
		{9C911614-56DD-4D6A-8EDB-31511CAD03B9}.Debug|Any CPU.Build.0 = Debug|Any CPU
		{9C911614-56DD-4D6A-8EDB-31511CAD03B9}.Release|Any CPU.ActiveCfg = Release|Any CPU
		{9C911614-56DD-4D6A-8EDB-31511CAD03B9}.Release|Any CPU.Build.0 = Release|Any CPU
		{85141609-6978-47F1-B1DD-D74C904860BC}.Debug|Any CPU.ActiveCfg = Debug|Any CPU
		{85141609-6978-47F1-B1DD-D74C904860BC}.Debug|Any CPU.Build.0 = Debug|Any CPU
		{85141609-6978-47F1-B1DD-D74C904860BC}.Release|Any CPU.ActiveCfg = Release|Any CPU
		{85141609-6978-47F1-B1DD-D74C904860BC}.Release|Any CPU.Build.0 = Release|Any CPU
		{1A1C8D06-DBB5-4BBC-BD25-CEFAFAF6AD2E}.Debug|Any CPU.ActiveCfg = Debug|Any CPU
		{1A1C8D06-DBB5-4BBC-BD25-CEFAFAF6AD2E}.Debug|Any CPU.Build.0 = Debug|Any CPU
		{1A1C8D06-DBB5-4BBC-BD25-CEFAFAF6AD2E}.Release|Any CPU.ActiveCfg = Release|Any CPU
		{1A1C8D06-DBB5-4BBC-BD25-CEFAFAF6AD2E}.Release|Any CPU.Build.0 = Release|Any CPU
		{41334C2E-484B-4E16-947C-830048925237}.Debug|Any CPU.ActiveCfg = Debug|Any CPU
		{41334C2E-484B-4E16-947C-830048925237}.Debug|Any CPU.Build.0 = Debug|Any CPU
		{41334C2E-484B-4E16-947C-830048925237}.Release|Any CPU.ActiveCfg = Release|Any CPU
		{41334C2E-484B-4E16-947C-830048925237}.Release|Any CPU.Build.0 = Release|Any CPU
		{98FD80F6-310F-4708-B950-8168BCC3080E}.Debug|Any CPU.ActiveCfg = Debug|Any CPU
		{98FD80F6-310F-4708-B950-8168BCC3080E}.Debug|Any CPU.Build.0 = Debug|Any CPU
		{98FD80F6-310F-4708-B950-8168BCC3080E}.Release|Any CPU.ActiveCfg = Release|Any CPU
		{98FD80F6-310F-4708-B950-8168BCC3080E}.Release|Any CPU.Build.0 = Release|Any CPU
		{00561E0B-349D-4CA5-88D1-C446AC2C0832}.Debug|Any CPU.ActiveCfg = Debug|Any CPU
		{00561E0B-349D-4CA5-88D1-C446AC2C0832}.Debug|Any CPU.Build.0 = Debug|Any CPU
		{00561E0B-349D-4CA5-88D1-C446AC2C0832}.Release|Any CPU.ActiveCfg = Release|Any CPU
		{00561E0B-349D-4CA5-88D1-C446AC2C0832}.Release|Any CPU.Build.0 = Release|Any CPU
		{6C76C2FF-7E65-49C2-BFB1-773574B017EC}.Debug|Any CPU.ActiveCfg = Debug|Any CPU
		{6C76C2FF-7E65-49C2-BFB1-773574B017EC}.Debug|Any CPU.Build.0 = Debug|Any CPU
		{6C76C2FF-7E65-49C2-BFB1-773574B017EC}.Release|Any CPU.ActiveCfg = Release|Any CPU
		{6C76C2FF-7E65-49C2-BFB1-773574B017EC}.Release|Any CPU.Build.0 = Release|Any CPU
		{47B47CBC-FB75-4316-A078-0CC4E1BDF3B2}.Debug|Any CPU.ActiveCfg = Debug|Any CPU
		{47B47CBC-FB75-4316-A078-0CC4E1BDF3B2}.Debug|Any CPU.Build.0 = Debug|Any CPU
		{47B47CBC-FB75-4316-A078-0CC4E1BDF3B2}.Release|Any CPU.ActiveCfg = Release|Any CPU
		{47B47CBC-FB75-4316-A078-0CC4E1BDF3B2}.Release|Any CPU.Build.0 = Release|Any CPU
		{5DFCB1A1-01B7-4223-B757-DB8ACE88BE8E}.Debug|Any CPU.ActiveCfg = Debug|Any CPU
		{5DFCB1A1-01B7-4223-B757-DB8ACE88BE8E}.Debug|Any CPU.Build.0 = Debug|Any CPU
		{5DFCB1A1-01B7-4223-B757-DB8ACE88BE8E}.Release|Any CPU.ActiveCfg = Release|Any CPU
		{5DFCB1A1-01B7-4223-B757-DB8ACE88BE8E}.Release|Any CPU.Build.0 = Release|Any CPU
		{BEC1C063-B8C6-45FB-BA0D-6FE608D859B5}.Debug|Any CPU.ActiveCfg = Debug|Any CPU
		{BEC1C063-B8C6-45FB-BA0D-6FE608D859B5}.Debug|Any CPU.Build.0 = Debug|Any CPU
		{BEC1C063-B8C6-45FB-BA0D-6FE608D859B5}.Release|Any CPU.ActiveCfg = Release|Any CPU
		{BEC1C063-B8C6-45FB-BA0D-6FE608D859B5}.Release|Any CPU.Build.0 = Release|Any CPU
		{3E57B074-BFBA-4CF9-997A-8C9BE8531BD3}.Debug|Any CPU.ActiveCfg = Debug|Any CPU
		{3E57B074-BFBA-4CF9-997A-8C9BE8531BD3}.Debug|Any CPU.Build.0 = Debug|Any CPU
		{3E57B074-BFBA-4CF9-997A-8C9BE8531BD3}.Release|Any CPU.ActiveCfg = Release|Any CPU
		{3E57B074-BFBA-4CF9-997A-8C9BE8531BD3}.Release|Any CPU.Build.0 = Release|Any CPU
		{B58275E3-44C4-42B1-8690-423362B81F55}.Debug|Any CPU.ActiveCfg = Debug|Any CPU
		{B58275E3-44C4-42B1-8690-423362B81F55}.Debug|Any CPU.Build.0 = Debug|Any CPU
		{B58275E3-44C4-42B1-8690-423362B81F55}.Release|Any CPU.ActiveCfg = Release|Any CPU
		{B58275E3-44C4-42B1-8690-423362B81F55}.Release|Any CPU.Build.0 = Release|Any CPU
		{CD56D1D4-DF0F-4ED0-9119-6D5FC425FAEC}.Debug|Any CPU.ActiveCfg = Debug|Any CPU
		{CD56D1D4-DF0F-4ED0-9119-6D5FC425FAEC}.Debug|Any CPU.Build.0 = Debug|Any CPU
		{CD56D1D4-DF0F-4ED0-9119-6D5FC425FAEC}.Release|Any CPU.ActiveCfg = Release|Any CPU
		{CD56D1D4-DF0F-4ED0-9119-6D5FC425FAEC}.Release|Any CPU.Build.0 = Release|Any CPU
		{82EC9058-B0C9-4D63-9979-43FF8B5950B3}.Debug|Any CPU.ActiveCfg = Debug|Any CPU
		{82EC9058-B0C9-4D63-9979-43FF8B5950B3}.Debug|Any CPU.Build.0 = Debug|Any CPU
		{82EC9058-B0C9-4D63-9979-43FF8B5950B3}.Release|Any CPU.ActiveCfg = Release|Any CPU
		{82EC9058-B0C9-4D63-9979-43FF8B5950B3}.Release|Any CPU.Build.0 = Release|Any CPU
		{2BF2039B-8D03-4DD9-B435-C99FFFC45742}.Debug|Any CPU.ActiveCfg = Debug|Any CPU
		{2BF2039B-8D03-4DD9-B435-C99FFFC45742}.Debug|Any CPU.Build.0 = Debug|Any CPU
		{2BF2039B-8D03-4DD9-B435-C99FFFC45742}.Release|Any CPU.ActiveCfg = Release|Any CPU
		{2BF2039B-8D03-4DD9-B435-C99FFFC45742}.Release|Any CPU.Build.0 = Release|Any CPU
		{7624E167-91D0-4882-833B-56BFC75B6464}.Debug|Any CPU.ActiveCfg = Debug|Any CPU
		{7624E167-91D0-4882-833B-56BFC75B6464}.Debug|Any CPU.Build.0 = Debug|Any CPU
		{7624E167-91D0-4882-833B-56BFC75B6464}.Release|Any CPU.ActiveCfg = Release|Any CPU
		{7624E167-91D0-4882-833B-56BFC75B6464}.Release|Any CPU.Build.0 = Release|Any CPU
		{329ACA7E-57AC-465F-B5D5-CB8294E15780}.Debug|Any CPU.ActiveCfg = Debug|Any CPU
		{329ACA7E-57AC-465F-B5D5-CB8294E15780}.Debug|Any CPU.Build.0 = Debug|Any CPU
		{329ACA7E-57AC-465F-B5D5-CB8294E15780}.Release|Any CPU.ActiveCfg = Release|Any CPU
		{329ACA7E-57AC-465F-B5D5-CB8294E15780}.Release|Any CPU.Build.0 = Release|Any CPU
		{0EDA671A-1B7A-40F4-BD0D-0BB01A1FD488}.Debug|Any CPU.ActiveCfg = Debug|Any CPU
		{0EDA671A-1B7A-40F4-BD0D-0BB01A1FD488}.Debug|Any CPU.Build.0 = Debug|Any CPU
		{0EDA671A-1B7A-40F4-BD0D-0BB01A1FD488}.Release|Any CPU.ActiveCfg = Release|Any CPU
		{0EDA671A-1B7A-40F4-BD0D-0BB01A1FD488}.Release|Any CPU.Build.0 = Release|Any CPU
		{4A28C3D8-6E2B-44F9-B824-471C5328302C}.Debug|Any CPU.ActiveCfg = Debug|Any CPU
		{4A28C3D8-6E2B-44F9-B824-471C5328302C}.Debug|Any CPU.Build.0 = Debug|Any CPU
		{4A28C3D8-6E2B-44F9-B824-471C5328302C}.Release|Any CPU.ActiveCfg = Release|Any CPU
		{4A28C3D8-6E2B-44F9-B824-471C5328302C}.Release|Any CPU.Build.0 = Release|Any CPU
		{68F15132-C58B-4AD4-85AB-F4EC857E64DC}.Debug|Any CPU.ActiveCfg = Debug|Any CPU
		{68F15132-C58B-4AD4-85AB-F4EC857E64DC}.Debug|Any CPU.Build.0 = Debug|Any CPU
		{68F15132-C58B-4AD4-85AB-F4EC857E64DC}.Release|Any CPU.ActiveCfg = Release|Any CPU
		{68F15132-C58B-4AD4-85AB-F4EC857E64DC}.Release|Any CPU.Build.0 = Release|Any CPU
		{4912D526-21CA-45A2-B3CA-23344A22EA4A}.Debug|Any CPU.ActiveCfg = Debug|Any CPU
		{4912D526-21CA-45A2-B3CA-23344A22EA4A}.Debug|Any CPU.Build.0 = Debug|Any CPU
		{4912D526-21CA-45A2-B3CA-23344A22EA4A}.Release|Any CPU.ActiveCfg = Release|Any CPU
		{4912D526-21CA-45A2-B3CA-23344A22EA4A}.Release|Any CPU.Build.0 = Release|Any CPU
		{425FA54A-0270-47BF-A00E-E36F59065E64}.Debug|Any CPU.ActiveCfg = Debug|Any CPU
		{425FA54A-0270-47BF-A00E-E36F59065E64}.Debug|Any CPU.Build.0 = Debug|Any CPU
		{425FA54A-0270-47BF-A00E-E36F59065E64}.Release|Any CPU.ActiveCfg = Release|Any CPU
		{425FA54A-0270-47BF-A00E-E36F59065E64}.Release|Any CPU.Build.0 = Release|Any CPU
	EndGlobalSection
	GlobalSection(NestedProjects) = preSolution
		{6BB2B858-69AE-42A3-A29E-3A5408EA1B3F} = {9F85F173-47EA-41C2-84CB-23B266283A9C}
		{EE173F30-2893-40F9-9EF4-905070A80B05} = {9F85F173-47EA-41C2-84CB-23B266283A9C}
		{9C911614-56DD-4D6A-8EDB-31511CAD03B9} = {9F85F173-47EA-41C2-84CB-23B266283A9C}
		{85141609-6978-47F1-B1DD-D74C904860BC} = {9F85F173-47EA-41C2-84CB-23B266283A9C}
		{1A1C8D06-DBB5-4BBC-BD25-CEFAFAF6AD2E} = {9F85F173-47EA-41C2-84CB-23B266283A9C}
		{41334C2E-484B-4E16-947C-830048925237} = {9F85F173-47EA-41C2-84CB-23B266283A9C}
		{98FD80F6-310F-4708-B950-8168BCC3080E} = {9F85F173-47EA-41C2-84CB-23B266283A9C}
		{00561E0B-349D-4CA5-88D1-C446AC2C0832} = {9F85F173-47EA-41C2-84CB-23B266283A9C}
		{6C76C2FF-7E65-49C2-BFB1-773574B017EC} = {9F85F173-47EA-41C2-84CB-23B266283A9C}
		{47B47CBC-FB75-4316-A078-0CC4E1BDF3B2} = {9F85F173-47EA-41C2-84CB-23B266283A9C}
		{5DFCB1A1-01B7-4223-B757-DB8ACE88BE8E} = {9F85F173-47EA-41C2-84CB-23B266283A9C}
		{BEC1C063-B8C6-45FB-BA0D-6FE608D859B5} = {9F85F173-47EA-41C2-84CB-23B266283A9C}
		{3E57B074-BFBA-4CF9-997A-8C9BE8531BD3} = {9F85F173-47EA-41C2-84CB-23B266283A9C}
		{B58275E3-44C4-42B1-8690-423362B81F55} = {9F85F173-47EA-41C2-84CB-23B266283A9C}
		{CD56D1D4-DF0F-4ED0-9119-6D5FC425FAEC} = {9F85F173-47EA-41C2-84CB-23B266283A9C}
		{82EC9058-B0C9-4D63-9979-43FF8B5950B3} = {9F85F173-47EA-41C2-84CB-23B266283A9C}
		{2BF2039B-8D03-4DD9-B435-C99FFFC45742} = {9F85F173-47EA-41C2-84CB-23B266283A9C}
		{7624E167-91D0-4882-833B-56BFC75B6464} = {9F85F173-47EA-41C2-84CB-23B266283A9C}
		{329ACA7E-57AC-465F-B5D5-CB8294E15780} = {9F85F173-47EA-41C2-84CB-23B266283A9C}
		{4A28C3D8-6E2B-44F9-B824-471C5328302C} = {9F85F173-47EA-41C2-84CB-23B266283A9C}
		{68F15132-C58B-4AD4-85AB-F4EC857E64DC} = {9F85F173-47EA-41C2-84CB-23B266283A9C}
		{4912D526-21CA-45A2-B3CA-23344A22EA4A} = {9F85F173-47EA-41C2-84CB-23B266283A9C}
		{425FA54A-0270-47BF-A00E-E36F59065E64} = {9F85F173-47EA-41C2-84CB-23B266283A9C}
	EndGlobalSection
EndGlobal
